
Microsoft Visual Studio Solution File, Format Version 11.00
# Visual Studio 2010
Project("{FAE04EC0-301F-11D3-BF4B-00C04F79EFBC}") = "WatsonVR", "Assembly-CSharp.csproj", "{1388DB28-2518-9494-B652-3A21386E6E4B}"
EndProject
Project("{FAE04EC0-301F-11D3-BF4B-00C04F79EFBC}") = "WatsonVR", "Assembly-CSharp-Editor.csproj", "{CA8B4408-810E-269A-2A03-15E79A2779DB}"
EndProject
Global
	GlobalSection(SolutionConfigurationPlatforms) = preSolution
		Debug|Any CPU = Debug|Any CPU
		Release|Any CPU = Release|Any CPU
	EndGlobalSection
	GlobalSection(ProjectConfigurationPlatforms) = postSolution
		{1388DB28-2518-9494-B652-3A21386E6E4B}.Debug|Any CPU.ActiveCfg = Debug|Any CPU
		{1388DB28-2518-9494-B652-3A21386E6E4B}.Debug|Any CPU.Build.0 = Debug|Any CPU
		{1388DB28-2518-9494-B652-3A21386E6E4B}.Release|Any CPU.ActiveCfg = Release|Any CPU
		{1388DB28-2518-9494-B652-3A21386E6E4B}.Release|Any CPU.Build.0 = Release|Any CPU
		{CA8B4408-810E-269A-2A03-15E79A2779DB}.Debug|Any CPU.ActiveCfg = Debug|Any CPU
		{CA8B4408-810E-269A-2A03-15E79A2779DB}.Debug|Any CPU.Build.0 = Debug|Any CPU
		{CA8B4408-810E-269A-2A03-15E79A2779DB}.Release|Any CPU.ActiveCfg = Release|Any CPU
		{CA8B4408-810E-269A-2A03-15E79A2779DB}.Release|Any CPU.Build.0 = Release|Any CPU
	EndGlobalSection
	GlobalSection(SolutionProperties) = preSolution
		HideSolutionNode = FALSE
	EndGlobalSection
	GlobalSection(MonoDevelopProperties) = preSolution
		StartupItem = Assembly-CSharp.csproj
	EndGlobalSection
EndGlobal
